
Microsoft Visual Studio Solution File, Format Version 12.00
# Visual Studio Version 16
VisualStudioVersion = 16.0.32126.315
MinimumVisualStudioVersion = 10.0.40219.1
Project("{FAE04EC0-301F-11D3-BF4B-00C04F79EFBC}") = "timeQueue", "timeQueue\timeQueue.csproj", "{37F65B1E-D66F-4739-93C4-DA61EFDAEEFF}"
EndProject
Global
	GlobalSection(SolutionConfigurationPlatforms) = preSolution
		Debug|Any CPU = Debug|Any CPU
		Release|Any CPU = Release|Any CPU
	EndGlobalSection
	GlobalSection(ProjectConfigurationPlatforms) = postSolution
		{37F65B1E-D66F-4739-93C4-DA61EFDAEEFF}.Debug|Any CPU.ActiveCfg = Debug|Any CPU
		{37F65B1E-D66F-4739-93C4-DA61EFDAEEFF}.Debug|Any CPU.Build.0 = Debug|Any CPU
		{37F65B1E-D66F-4739-93C4-DA61EFDAEEFF}.Release|Any CPU.ActiveCfg = Release|Any CPU
		{37F65B1E-D66F-4739-93C4-DA61EFDAEEFF}.Release|Any CPU.Build.0 = Release|Any CPU
	EndGlobalSection
	GlobalSection(SolutionProperties) = preSolution
		HideSolutionNode = FALSE
	EndGlobalSection
	GlobalSection(ExtensibilityGlobals) = postSolution
		SolutionGuid = {8F7D2D22-93ED-4F2A-B176-8B389B3355E4}
	EndGlobalSection
EndGlobal
